
Microsoft Visual Studio Solution File, Format Version 12.00
# Visual Studio Version 16
VisualStudioVersion = 16.0.31702.278
MinimumVisualStudioVersion = 10.0.40219.1
Project("{9A19103F-16F7-4668-BE54-9A1E7A4F7556}") = "Уровень 1", "Уровень 1\Уровень 1.csproj", "{4210D1BE-1D72-47C9-BCE7-AA2388E3AE0D}"
EndProject
Project("{FAE04EC0-301F-11D3-BF4B-00C04F79EFBC}") = "Уровень 2", "Уровень 2\Уровень 2.csproj", "{64D60A79-2E28-41D5-A6D2-531520DB4C63}"
EndProject
Global
	GlobalSection(SolutionConfigurationPlatforms) = preSolution
		Debug|Any CPU = Debug|Any CPU
		Release|Any CPU = Release|Any CPU
	EndGlobalSection
	GlobalSection(ProjectConfigurationPlatforms) = postSolution
		{4210D1BE-1D72-47C9-BCE7-AA2388E3AE0D}.Debug|Any CPU.ActiveCfg = Debug|Any CPU
		{4210D1BE-1D72-47C9-BCE7-AA2388E3AE0D}.Debug|Any CPU.Build.0 = Debug|Any CPU
		{4210D1BE-1D72-47C9-BCE7-AA2388E3AE0D}.Release|Any CPU.ActiveCfg = Release|Any CPU
		{4210D1BE-1D72-47C9-BCE7-AA2388E3AE0D}.Release|Any CPU.Build.0 = Release|Any CPU
		{64D60A79-2E28-41D5-A6D2-531520DB4C63}.Debug|Any CPU.ActiveCfg = Debug|Any CPU
		{64D60A79-2E28-41D5-A6D2-531520DB4C63}.Debug|Any CPU.Build.0 = Debug|Any CPU
		{64D60A79-2E28-41D5-A6D2-531520DB4C63}.Release|Any CPU.ActiveCfg = Release|Any CPU
		{64D60A79-2E28-41D5-A6D2-531520DB4C63}.Release|Any CPU.Build.0 = Release|Any CPU
	EndGlobalSection
	GlobalSection(SolutionProperties) = preSolution
		HideSolutionNode = FALSE
	EndGlobalSection
	GlobalSection(ExtensibilityGlobals) = postSolution
		SolutionGuid = {D7F7134E-8F64-4926-9566-FBB6342CE46E}
	EndGlobalSection
EndGlobal
# Лр4
